// !$*UTF8*$!
{
	archiveVersion = 1;
	classes = {
	};
	objectVersion = 46;
	objects = {

/* Begin PBXBuildFile section */
		3FC69B78208889670032EC75 /* AppDelegate.swift in Sources */ = {isa = PBXBuildFile; fileRef = 3FC69B77208889670032EC75 /* AppDelegate.swift */; };
		3FC69B7A208889670032EC75 /* ViewController.swift in Sources */ = {isa = PBXBuildFile; fileRef = 3FC69B79208889670032EC75 /* ViewController.swift */; };
		3FC69B7D208889670032EC75 /* Main.storyboard in Resources */ = {isa = PBXBuildFile; fileRef = 3FC69B7B208889670032EC75 /* Main.storyboard */; };
		3FC69B80208889670032EC75 /* customtableviewcell.xcdatamodeld in Sources */ = {isa = PBXBuildFile; fileRef = 3FC69B7E208889670032EC75 /* customtableviewcell.xcdatamodeld */; };
		3FC69B82208889670032EC75 /* Assets.xcassets in Resources */ = {isa = PBXBuildFile; fileRef = 3FC69B81208889670032EC75 /* Assets.xcassets */; };
		3FC69B85208889670032EC75 /* LaunchScreen.storyboard in Resources */ = {isa = PBXBuildFile; fileRef = 3FC69B83208889670032EC75 /* LaunchScreen.storyboard */; };
		3FC69B8E20888A810032EC75 /* mycell.swift in Sources */ = {isa = PBXBuildFile; fileRef = 3FC69B8C20888A810032EC75 /* mycell.swift */; };
		3FC69B8F20888A810032EC75 /* mycell.xib in Resources */ = {isa = PBXBuildFile; fileRef = 3FC69B8D20888A810032EC75 /* mycell.xib */; };
		3FC69B9120888BCC0032EC75 /* round person.jpeg in Resources */ = {isa = PBXBuildFile; fileRef = 3FC69B9020888BCC0032EC75 /* round person.jpeg */; };
		3FC69B932088951D0032EC75 /* lineoflabel.swift in Sources */ = {isa = PBXBuildFile; fileRef = 3FC69B922088951D0032EC75 /* lineoflabel.swift */; };
		3FC69B952088968E0032EC75 /* Cg.swift in Sources */ = {isa = PBXBuildFile; fileRef = 3FC69B942088968E0032EC75 /* Cg.swift */; };
/* End PBXBuildFile section */

/* Begin PBXFileReference section */
		3FC69B74208889670032EC75 /* customtableviewcell.app */ = {isa = PBXFileReference; explicitFileType = wrapper.application; includeInIndex = 0; path = customtableviewcell.app; sourceTree = BUILT_PRODUCTS_DIR; };
		3FC69B77208889670032EC75 /* AppDelegate.swift */ = {isa = PBXFileReference; lastKnownFileType = sourcecode.swift; path = AppDelegate.swift; sourceTree = "<group>"; };
		3FC69B79208889670032EC75 /* ViewController.swift */ = {isa = PBXFileReference; lastKnownFileType = sourcecode.swift; path = ViewController.swift; sourceTree = "<group>"; };
		3FC69B7C208889670032EC75 /* Base */ = {isa = PBXFileReference; lastKnownFileType = file.storyboard; name = Base; path = Base.lproj/Main.storyboard; sourceTree = "<group>"; };
		3FC69B7F208889670032EC75 /* customtableviewcell.xcdatamodel */ = {isa = PBXFileReference; lastKnownFileType = wrapper.xcdatamodel; path = customtableviewcell.xcdatamodel; sourceTree = "<group>"; };
		3FC69B81208889670032EC75 /* Assets.xcassets */ = {isa = PBXFileReference; lastKnownFileType = folder.assetcatalog; path = Assets.xcassets; sourceTree = "<group>"; };
		3FC69B84208889670032EC75 /* Base */ = {isa = PBXFileReference; lastKnownFileType = file.storyboard; name = Base; path = Base.lproj/LaunchScreen.storyboard; sourceTree = "<group>"; };
		3FC69B86208889670032EC75 /* Info.plist */ = {isa = PBXFileReference; lastKnownFileType = text.plist.xml; path = Info.plist; sourceTree = "<group>"; };
		3FC69B8C20888A810032EC75 /* mycell.swift */ = {isa = PBXFileReference; fileEncoding = 4; lastKnownFileType = sourcecode.swift; path = mycell.swift; sourceTree = "<group>"; };
		3FC69B8D20888A810032EC75 /* mycell.xib */ = {isa = PBXFileReference; fileEncoding = 4; lastKnownFileType = file.xib; path = mycell.xib; sourceTree = "<group>"; };
		3FC69B9020888BCC0032EC75 /* round person.jpeg */ = {isa = PBXFileReference; lastKnownFileType = image.jpeg; path = "round person.jpeg"; sourceTree = "<group>"; };
		3FC69B922088951D0032EC75 /* lineoflabel.swift */ = {isa = PBXFileReference; fileEncoding = 4; lastKnownFileType = sourcecode.swift; path = lineoflabel.swift; sourceTree = "<group>"; };
		3FC69B942088968E0032EC75 /* Cg.swift */ = {isa = PBXFileReference; fileEncoding = 4; lastKnownFileType = sourcecode.swift; path = Cg.swift; sourceTree = "<group>"; };
/* End PBXFileReference section */

/* Begin PBXFrameworksBuildPhase section */
		3FC69B71208889670032EC75 /* Frameworks */ = {
			isa = PBXFrameworksBuildPhase;
			buildActionMask = 2147483647;
			files = (
			);
			runOnlyForDeploymentPostprocessing = 0;
		};
/* End PBXFrameworksBuildPhase section */

/* Begin PBXGroup section */
		3FC69B6B208889660032EC75 = {
			isa = PBXGroup;
			children = (
				3FC69B76208889670032EC75 /* customtableviewcell */,
				3FC69B75208889670032EC75 /* Products */,
			);
			sourceTree = "<group>";
		};
		3FC69B75208889670032EC75 /* Products */ = {
			isa = PBXGroup;
			children = (
				3FC69B74208889670032EC75 /* customtableviewcell.app */,
			);
			name = Products;
			sourceTree = "<group>";
		};
		3FC69B76208889670032EC75 /* customtableviewcell */ = {
			isa = PBXGroup;
			children = (
				3FC69B77208889670032EC75 /* AppDelegate.swift */,
				3FC69B79208889670032EC75 /* ViewController.swift */,
				3FC69B7B208889670032EC75 /* Main.storyboard */,
				3FC69B81208889670032EC75 /* Assets.xcassets */,
				3FC69B83208889670032EC75 /* LaunchScreen.storyboard */,
				3FC69B86208889670032EC75 /* Info.plist */,
				3FC69B7E208889670032EC75 /* customtableviewcell.xcdatamodeld */,
				3FC69B8C20888A810032EC75 /* mycell.swift */,
				3FC69B8D20888A810032EC75 /* mycell.xib */,
				3FC69B9020888BCC0032EC75 /* round person.jpeg */,
				3FC69B922088951D0032EC75 /* lineoflabel.swift */,
				3FC69B942088968E0032EC75 /* Cg.swift */,
			);
			path = customtableviewcell;
			sourceTree = "<group>";
		};
/* End PBXGroup section */

/* Begin PBXNativeTarget section */
		3FC69B73208889670032EC75 /* customtableviewcell */ = {
			isa = PBXNativeTarget;
			buildConfigurationList = 3FC69B89208889670032EC75 /* Build configuration list for PBXNativeTarget "customtableviewcell" */;
			buildPhases = (
				3FC69B70208889670032EC75 /* Sources */,
				3FC69B71208889670032EC75 /* Frameworks */,
				3FC69B72208889670032EC75 /* Resources */,
			);
			buildRules = (
			);
			dependencies = (
			);
			name = customtableviewcell;
			productName = customtableviewcell;
			productReference = 3FC69B74208889670032EC75 /* customtableviewcell.app */;
			productType = "com.apple.product-type.application";
		};
/* End PBXNativeTarget section */

/* Begin PBXProject section */
		3FC69B6C208889670032EC75 /* Project object */ = {
			isa = PBXProject;
			attributes = {
				LastSwiftUpdateCheck = 0830;
				LastUpgradeCheck = 0830;
				ORGANIZATIONNAME = none;
				TargetAttributes = {
					3FC69B73208889670032EC75 = {
						CreatedOnToolsVersion = 8.3.2;
						ProvisioningStyle = Automatic;
					};
				};
			};
			buildConfigurationList = 3FC69B6F208889670032EC75 /* Build configuration list for PBXProject "customtableviewcell" */;
			compatibilityVersion = "Xcode 3.2";
			developmentRegion = English;
			hasScannedForEncodings = 0;
			knownRegions = (
				en,
				Base,
			);
			mainGroup = 3FC69B6B208889660032EC75;
			productRefGroup = 3FC69B75208889670032EC75 /* Products */;
			projectDirPath = "";
			projectRoot = "";
			targets = (
				3FC69B73208889670032EC75 /* customtableviewcell */,
			);
		};
/* End PBXProject section */

/* Begin PBXResourcesBuildPhase section */
		3FC69B72208889670032EC75 /* Resources */ = {
			isa = PBXResourcesBuildPhase;
			buildActionMask = 2147483647;
			files = (
				3FC69B85208889670032EC75 /* LaunchScreen.storyboard in Resources */,
				3FC69B8F20888A810032EC75 /* mycell.xib in Resources */,
				3FC69B9120888BCC0032EC75 /* round person.jpeg in Resources */,
				3FC69B82208889670032EC75 /* Assets.xcassets in Resources */,
				3FC69B7D208889670032EC75 /* Main.storyboard in Resources */,
			);
			runOnlyForDeploymentPostprocessing = 0;
		};
/* End PBXResourcesBuildPhase section */

/* Begin PBXSourcesBuildPhase section */
		3FC69B70208889670032EC75 /* Sources */ = {
			isa = PBXSourcesBuildPhase;
			buildActionMask = 2147483647;
			files = (
				3FC69B7A208889670032EC75 /* ViewController.swift in Sources */,
				3FC69B932088951D0032EC75 /* lineoflabel.swift in Sources */,
				3FC69B8E20888A810032EC75 /* mycell.swift in Sources */,
				3FC69B80208889670032EC75 /* customtableviewcell.xcdatamodeld in Sources */,
				3FC69B78208889670032EC75 /* AppDelegate.swift in Sources */,
				3FC69B952088968E0032EC75 /* Cg.swift in Sources */,
			);
			runOnlyForDeploymentPostprocessing = 0;
		};
/* End PBXSourcesBuildPhase section */

/* Begin PBXVariantGroup section */
		3FC69B7B208889670032EC75 /* Main.storyboard */ = {
			isa = PBXVariantGroup;
			children = (
				3FC69B7C208889670032EC75 /* Base */,
			);
			name = Main.storyboard;
			sourceTree = "<group>";
		};
		3FC69B83208889670032EC75 /* LaunchScreen.storyboard */ = {
			isa = PBXVariantGroup;
			children = (
				3FC69B84208889670032EC75 /* Base */,
			);
			name = LaunchScreen.storyboard;
			sourceTree = "<group>";
		};
/* End PBXVariantGroup section */

/* Begin XCBuildConfiguration section */
		3FC69B87208889670032EC75 /* Debug */ = {
			isa = XCBuildConfiguration;
			buildSettings = {
				ALWAYS_SEARCH_USER_PATHS = NO;
				CLANG_ANALYZER_NONNULL = YES;
				CLANG_ANALYZER_NUMBER_OBJECT_CONVERSION = YES_AGGRESSIVE;
				CLANG_CXX_LANGUAGE_STANDARD = "gnu++0x";
				CLANG_CXX_LIBRARY = "libc++";
				CLANG_ENABLE_MODULES = YES;
				CLANG_ENABLE_OBJC_ARC = YES;
				CLANG_WARN_BOOL_CONVERSION = YES;
				CLANG_WARN_CONSTANT_CONVERSION = YES;
				CLANG_WARN_DIRECT_OBJC_ISA_USAGE = YES_ERROR;
				CLANG_WARN_DOCUMENTATION_COMMENTS = YES;
				CLANG_WARN_EMPTY_BODY = YES;
				CLANG_WARN_ENUM_CONVERSION = YES;
				CLANG_WARN_INFINITE_RECURSION = YES;
				CLANG_WARN_INT_CONVERSION = YES;
				CLANG_WARN_OBJC_ROOT_CLASS = YES_ERROR;
				CLANG_WARN_SUSPICIOUS_MOVE = YES;
				CLANG_WARN_UNREACHABLE_CODE = YES;
				CLANG_WARN__DUPLICATE_METHOD_MATCH = YES;
				"CODE_SIGN_IDENTITY[sdk=iphoneos*]" = "iPhone Developer";
				COPY_PHASE_STRIP = NO;
				DEBUG_INFORMATION_FORMAT = dwarf;
				ENABLE_STRICT_OBJC_MSGSEND = YES;
				ENABLE_TESTABILITY = YES;
				GCC_C_LANGUAGE_STANDARD = gnu99;
				GCC_DYNAMIC_NO_PIC = NO;
				GCC_NO_COMMON_BLOCKS = YES;
				GCC_OPTIMIZATION_LEVEL = 0;
				GCC_PREPROCESSOR_DEFINITIONS = (
					"DEBUG=1",
					"$(inherited)",
				);
				GCC_WARN_64_TO_32_BIT_CONVERSION = YES;
				GCC_WARN_ABOUT_RETURN_TYPE = YES_ERROR;
				GCC_WARN_UNDECLARED_SELECTOR = YES;
				GCC_WARN_UNINITIALIZED_AUTOS = YES_AGGRESSIVE;
				GCC_WARN_UNUSED_FUNCTION = YES;
				GCC_WARN_UNUSED_VARIABLE = YES;
				IPHONEOS_DEPLOYMENT_TARGET = 10.3;
				MTL_ENABLE_DEBUG_INFO = YES;
				ONLY_ACTIVE_ARCH = YES;
				SDKROOT = iphoneos;
				SWIFT_ACTIVE_COMPILATION_CONDITIONS = DEBUG;
				SWIFT_OPTIMIZATION_LEVEL = "-Onone";
			};
			name = Debug;
		};
		3FC69B88208889670032EC75 /* Release */ = {
			isa = XCBuildConfiguration;
			buildSettings = {
				ALWAYS_SEARCH_USER_PATHS = NO;
				CLANG_ANALYZER_NONNULL = YES;
				CLANG_ANALYZER_NUMBER_OBJECT_CONVERSION = YES_AGGRESSIVE;
				CLANG_CXX_LANGUAGE_STANDARD = "gnu++0x";
				CLANG_CXX_LIBRARY = "libc++";
				CLANG_ENABLE_MODULES = YES;
				CLANG_ENABLE_OBJC_ARC = YES;
				CLANG_WARN_BOOL_CONVERSION = YES;
				CLANG_WARN_CONSTANT_CONVERSION = YES;
				CLANG_WARN_DIRECT_OBJC_ISA_USAGE = YES_ERROR;
				CLANG_WARN_DOCUMENTATION_COMMENTS = YES;
				CLANG_WARN_EMPTY_BODY = YES;
				CLANG_WARN_ENUM_CONVERSION = YES;
				CLANG_WARN_INFINITE_RECURSION = YES;
				CLANG_WARN_INT_CONVERSION = YES;
				CLANG_WARN_OBJC_ROOT_CLASS = YES_ERROR;
				CLANG_WARN_SUSPICIOUS_MOVE = YES;
				CLANG_WARN_UNREACHABLE_CODE = YES;
				CLANG_WARN__DUPLICATE_METHOD_MATCH = YES;
				"CODE_SIGN_IDENTITY[sdk=iphoneos*]" = "iPhone Developer";
				COPY_PHASE_STRIP = NO;
				DEBUG_INFORMATION_FORMAT = "dwarf-with-dsym";
				ENABLE_NS_ASSERTIONS = NO;
				ENABLE_STRICT_OBJC_MSGSEND = YES;
				GCC_C_LANGUAGE_STANDARD = gnu99;
				GCC_NO_COMMON_BLOCKS = YES;
				GCC_WARN_64_TO_32_BIT_CONVERSION = YES;
				GCC_WARN_ABOUT_RETURN_TYPE = YES_ERROR;
				GCC_WARN_UNDECLARED_SELECTOR = YES;
				GCC_WARN_UNINITIALIZED_AUTOS = YES_AGGRESSIVE;
				GCC_WARN_UNUSED_FUNCTION = YES;
				GCC_WARN_UNUSED_VARIABLE = YES;
				IPHONEOS_DEPLOYMENT_TARGET = 10.3;
				MTL_ENABLE_DEBUG_INFO = NO;
				SDKROOT = iphoneos;
				SWIFT_OPTIMIZATION_LEVEL = "-Owholemodule";
				VALIDATE_PRODUCT = YES;
			};
			name = Release;
		};
		3FC69B8A208889670032EC75 /* Debug */ = {
			isa = XCBuildConfiguration;
			buildSettings = {
				ASSETCATALOG_COMPILER_APPICON_NAME = AppIcon;
				INFOPLIST_FILE = customtableviewcell/Info.plist;
				LD_RUNPATH_SEARCH_PATHS = "$(inherited) @executable_path/Frameworks";
				PRODUCT_BUNDLE_IDENTIFIER = none.customtableviewcell;
				PRODUCT_NAME = "$(TARGET_NAME)";
				SWIFT_VERSION = 3.0;
			};
			name = Debug;
		};
		3FC69B8B208889670032EC75 /* Release */ = {
			isa = XCBuildConfiguration;
			buildSettings = {
				ASSETCATALOG_COMPILER_APPICON_NAME = AppIcon;
				INFOPLIST_FILE = customtableviewcell/Info.plist;
				LD_RUNPATH_SEARCH_PATHS = "$(inherited) @executable_path/Frameworks";
				PRODUCT_BUNDLE_IDENTIFIER = none.customtableviewcell;
				PRODUCT_NAME = "$(TARGET_NAME)";
				SWIFT_VERSION = 3.0;
			};
			name = Release;
		};
/* End XCBuildConfiguration section */

/* Begin XCConfigurationList section */
		3FC69B6F208889670032EC75 /* Build configuration list for PBXProject "customtableviewcell" */ = {
			isa = XCConfigurationList;
			buildConfigurations = (
				3FC69B87208889670032EC75 /* Debug */,
				3FC69B88208889670032EC75 /* Release */,
			);
			defaultConfigurationIsVisible = 0;
			defaultConfigurationName = Release;
		};
		3FC69B89208889670032EC75 /* Build configuration list for PBXNativeTarget "customtableviewcell" */ = {
			isa = XCConfigurationList;
			buildConfigurations = (
				3FC69B8A208889670032EC75 /* Debug */,
				3FC69B8B208889670032EC75 /* Release */,
			);
			defaultConfigurationIsVisible = 0;
		};
/* End XCConfigurationList section */

/* Begin XCVersionGroup section */
		3FC69B7E208889670032EC75 /* customtableviewcell.xcdatamodeld */ = {
			isa = XCVersionGroup;
			children = (
				3FC69B7F208889670032EC75 /* customtableviewcell.xcdatamodel */,
			);
			currentVersion = 3FC69B7F208889670032EC75 /* customtableviewcell.xcdatamodel */;
			path = customtableviewcell.xcdatamodeld;
			sourceTree = "<group>";
			versionGroupType = wrapper.xcdatamodel;
		};
/* End XCVersionGroup section */
	};
	rootObject = 3FC69B6C208889670032EC75 /* Project object */;
}
